// !$*UTF8*$!
{
	archiveVersion = 1;
	classes = {
	};
	objectVersion = 46;
	objects = {

/* Begin PBXBuildFile section */
		C92B7DFD195F935A00C36277 /* Foundation.framework in Frameworks */ = {isa = PBXBuildFile; fileRef = C92B7DFC195F935A00C36277 /* Foundation.framework */; };
		C92B7DFF195F935A00C36277 /* CoreGraphics.framework in Frameworks */ = {isa = PBXBuildFile; fileRef = C92B7DFE195F935A00C36277 /* CoreGraphics.framework */; };
		C92B7E01195F935A00C36277 /* UIKit.framework in Frameworks */ = {isa = PBXBuildFile; fileRef = C92B7E00195F935A00C36277 /* UIKit.framework */; };
		C92B7E07195F935A00C36277 /* InfoPlist.strings in Resources */ = {isa = PBXBuildFile; fileRef = C92B7E05195F935A00C36277 /* InfoPlist.strings */; };
		C92B7E09195F935A00C36277 /* main.m in Sources */ = {isa = PBXBuildFile; fileRef = C92B7E08195F935A00C36277 /* main.m */; };
		C92B7E0D195F935A00C36277 /* AppDelegate.m in Sources */ = {isa = PBXBuildFile; fileRef = C92B7E0C195F935A00C36277 /* AppDelegate.m */; };
		C92B7E10195F935A00C36277 /* Main.storyboard in Resources */ = {isa = PBXBuildFile; fileRef = C92B7E0E195F935A00C36277 /* Main.storyboard */; };
		C92B7E13195F935A00C36277 /* ViewController.m in Sources */ = {isa = PBXBuildFile; fileRef = C92B7E12195F935A00C36277 /* ViewController.m */; };
		C92B7E15195F935A00C36277 /* Images.xcassets in Resources */ = {isa = PBXBuildFile; fileRef = C92B7E14195F935A00C36277 /* Images.xcassets */; };
		C92B7E1C195F935A00C36277 /* XCTest.framework in Frameworks */ = {isa = PBXBuildFile; fileRef = C92B7E1B195F935A00C36277 /* XCTest.framework */; };
		C92B7E1D195F935A00C36277 /* Foundation.framework in Frameworks */ = {isa = PBXBuildFile; fileRef = C92B7DFC195F935A00C36277 /* Foundation.framework */; };
		C92B7E1E195F935A00C36277 /* UIKit.framework in Frameworks */ = {isa = PBXBuildFile; fileRef = C92B7E00195F935A00C36277 /* UIKit.framework */; };
		C92B7E26195F935A00C36277 /* InfoPlist.strings in Resources */ = {isa = PBXBuildFile; fileRef = C92B7E24195F935A00C36277 /* InfoPlist.strings */; };
		C92B7E28195F935A00C36277 /* UnloadTests.m in Sources */ = {isa = PBXBuildFile; fileRef = C92B7E27195F935A00C36277 /* UnloadTests.m */; };
		C9F2DB34195F961300CDF27A /* Screen Shot 2014-06-28 at 5.09.24 PM.png in Resources */ = {isa = PBXBuildFile; fileRef = C9F2DB33195F961300CDF27A /* Screen Shot 2014-06-28 at 5.09.24 PM.png */; };
		C9F2DB37195F9DCD00CDF27A /* ViewController2.m in Sources */ = {isa = PBXBuildFile; fileRef = C9F2DB36195F9DCD00CDF27A /* ViewController2.m */; };
/* End PBXBuildFile section */

/* Begin PBXContainerItemProxy section */
		C92B7E1F195F935A00C36277 /* PBXContainerItemProxy */ = {
			isa = PBXContainerItemProxy;
			containerPortal = C92B7DF1195F935A00C36277 /* Project object */;
			proxyType = 1;
			remoteGlobalIDString = C92B7DF8195F935A00C36277;
			remoteInfo = Unload;
		};
/* End PBXContainerItemProxy section */

/* Begin PBXFileReference section */
		C92B7DF9195F935A00C36277 /* Unload.app */ = {isa = PBXFileReference; explicitFileType = wrapper.application; includeInIndex = 0; path = Unload.app; sourceTree = BUILT_PRODUCTS_DIR; };
		C92B7DFC195F935A00C36277 /* Foundation.framework */ = {isa = PBXFileReference; lastKnownFileType = wrapper.framework; name = Foundation.framework; path = System/Library/Frameworks/Foundation.framework; sourceTree = SDKROOT; };
		C92B7DFE195F935A00C36277 /* CoreGraphics.framework */ = {isa = PBXFileReference; lastKnownFileType = wrapper.framework; name = CoreGraphics.framework; path = System/Library/Frameworks/CoreGraphics.framework; sourceTree = SDKROOT; };
		C92B7E00195F935A00C36277 /* UIKit.framework */ = {isa = PBXFileReference; lastKnownFileType = wrapper.framework; name = UIKit.framework; path = System/Library/Frameworks/UIKit.framework; sourceTree = SDKROOT; };
		C92B7E04195F935A00C36277 /* Unload-Info.plist */ = {isa = PBXFileReference; lastKnownFileType = text.plist.xml; path = "Unload-Info.plist"; sourceTree = "<group>"; };
		C92B7E06195F935A00C36277 /* en */ = {isa = PBXFileReference; lastKnownFileType = text.plist.strings; name = en; path = en.lproj/InfoPlist.strings; sourceTree = "<group>"; };
		C92B7E08195F935A00C36277 /* main.m */ = {isa = PBXFileReference; lastKnownFileType = sourcecode.c.objc; path = main.m; sourceTree = "<group>"; };
		C92B7E0A195F935A00C36277 /* Unload-Prefix.pch */ = {isa = PBXFileReference; lastKnownFileType = sourcecode.c.h; path = "Unload-Prefix.pch"; sourceTree = "<group>"; };
		C92B7E0B195F935A00C36277 /* AppDelegate.h */ = {isa = PBXFileReference; lastKnownFileType = sourcecode.c.h; path = AppDelegate.h; sourceTree = "<group>"; };
		C92B7E0C195F935A00C36277 /* AppDelegate.m */ = {isa = PBXFileReference; lastKnownFileType = sourcecode.c.objc; path = AppDelegate.m; sourceTree = "<group>"; };
		C92B7E0F195F935A00C36277 /* Base */ = {isa = PBXFileReference; lastKnownFileType = file.storyboard; name = Base; path = Base.lproj/Main.storyboard; sourceTree = "<group>"; };
		C92B7E11195F935A00C36277 /* ViewController.h */ = {isa = PBXFileReference; lastKnownFileType = sourcecode.c.h; path = ViewController.h; sourceTree = "<group>"; };
		C92B7E12195F935A00C36277 /* ViewController.m */ = {isa = PBXFileReference; lastKnownFileType = sourcecode.c.objc; path = ViewController.m; sourceTree = "<group>"; };
		C92B7E14195F935A00C36277 /* Images.xcassets */ = {isa = PBXFileReference; lastKnownFileType = folder.assetcatalog; path = Images.xcassets; sourceTree = "<group>"; };
		C92B7E1A195F935A00C36277 /* UnloadTests.xctest */ = {isa = PBXFileReference; explicitFileType = wrapper.cfbundle; includeInIndex = 0; path = UnloadTests.xctest; sourceTree = BUILT_PRODUCTS_DIR; };
		C92B7E1B195F935A00C36277 /* XCTest.framework */ = {isa = PBXFileReference; lastKnownFileType = wrapper.framework; name = XCTest.framework; path = Library/Frameworks/XCTest.framework; sourceTree = DEVELOPER_DIR; };
		C92B7E23195F935A00C36277 /* UnloadTests-Info.plist */ = {isa = PBXFileReference; lastKnownFileType = text.plist; name = "UnloadTests-Info.plist"; path = "unload/UnloadTests-Info.plist"; sourceTree = "<group>"; };
		C92B7E25195F935A00C36277 /* en */ = {isa = PBXFileReference; lastKnownFileType = text.plist.strings; name = en; path = en.lproj/InfoPlist.strings; sourceTree = "<group>"; };
		C92B7E27195F935A00C36277 /* UnloadTests.m */ = {isa = PBXFileReference; lastKnownFileType = sourcecode.c.objc; name = UnloadTests.m; path = unload/UnloadTests.m; sourceTree = "<group>"; };
		C9F2DB33195F961300CDF27A /* Screen Shot 2014-06-28 at 5.09.24 PM.png */ = {isa = PBXFileReference; lastKnownFileType = image.png; name = "Screen Shot 2014-06-28 at 5.09.24 PM.png"; path = "../../../../../Screen Shot 2014-06-28 at 5.09.24 PM.png"; sourceTree = "<group>"; };
		C9F2DB35195F9DCD00CDF27A /* ViewController2.h */ = {isa = PBXFileReference; fileEncoding = 4; lastKnownFileType = sourcecode.c.h; path = ViewController2.h; sourceTree = "<group>"; };
		C9F2DB36195F9DCD00CDF27A /* ViewController2.m */ = {isa = PBXFileReference; fileEncoding = 4; lastKnownFileType = sourcecode.c.objc; path = ViewController2.m; sourceTree = "<group>"; };
/* End PBXFileReference section */

/* Begin PBXFrameworksBuildPhase section */
		C92B7DF6195F935A00C36277 /* Frameworks */ = {
			isa = PBXFrameworksBuildPhase;
			buildActionMask = 2147483647;
			files = (
				C92B7DFF195F935A00C36277 /* CoreGraphics.framework in Frameworks */,
				C92B7E01195F935A00C36277 /* UIKit.framework in Frameworks */,
				C92B7DFD195F935A00C36277 /* Foundation.framework in Frameworks */,
			);
			runOnlyForDeploymentPostprocessing = 0;
		};
		C92B7E17195F935A00C36277 /* Frameworks */ = {
			isa = PBXFrameworksBuildPhase;
			buildActionMask = 2147483647;
			files = (
				C92B7E1C195F935A00C36277 /* XCTest.framework in Frameworks */,
				C92B7E1E195F935A00C36277 /* UIKit.framework in Frameworks */,
				C92B7E1D195F935A00C36277 /* Foundation.framework in Frameworks */,
			);
			runOnlyForDeploymentPostprocessing = 0;
		};
/* End PBXFrameworksBuildPhase section */

/* Begin PBXGroup section */
		C92B7DF0195F935A00C36277 = {
			isa = PBXGroup;
			children = (
				C92B7E02195F935A00C36277 /* Unload */,
				C92B7E21195F935A00C36277 /* UnloadTests */,
				C92B7DFB195F935A00C36277 /* Frameworks */,
				C92B7DFA195F935A00C36277 /* Products */,
			);
			sourceTree = "<group>";
		};
		C92B7DFA195F935A00C36277 /* Products */ = {
			isa = PBXGroup;
			children = (
				C92B7DF9195F935A00C36277 /* Unload.app */,
				C92B7E1A195F935A00C36277 /* UnloadTests.xctest */,
			);
			name = Products;
			sourceTree = "<group>";
		};
		C92B7DFB195F935A00C36277 /* Frameworks */ = {
			isa = PBXGroup;
			children = (
				C92B7DFC195F935A00C36277 /* Foundation.framework */,
				C92B7DFE195F935A00C36277 /* CoreGraphics.framework */,
				C92B7E00195F935A00C36277 /* UIKit.framework */,
				C92B7E1B195F935A00C36277 /* XCTest.framework */,
			);
			name = Frameworks;
			sourceTree = "<group>";
		};
		C92B7E02195F935A00C36277 /* Unload */ = {
			isa = PBXGroup;
			children = (
				C92B7E0B195F935A00C36277 /* AppDelegate.h */,
				C92B7E0C195F935A00C36277 /* AppDelegate.m */,
				C92B7E0E195F935A00C36277 /* Main.storyboard */,
				C9F2DB35195F9DCD00CDF27A /* ViewController2.h */,
				C9F2DB36195F9DCD00CDF27A /* ViewController2.m */,
				C92B7E11195F935A00C36277 /* ViewController.h */,
				C92B7E12195F935A00C36277 /* ViewController.m */,
				C92B7E14195F935A00C36277 /* Images.xcassets */,
				C92B7E03195F935A00C36277 /* Supporting Files */,
			);
			name = Unload;
			path = unload/Unload;
			sourceTree = "<group>";
		};
		C92B7E03195F935A00C36277 /* Supporting Files */ = {
			isa = PBXGroup;
			children = (
				C9F2DB33195F961300CDF27A /* Screen Shot 2014-06-28 at 5.09.24 PM.png */,
				C92B7E04195F935A00C36277 /* Unload-Info.plist */,
				C92B7E05195F935A00C36277 /* InfoPlist.strings */,
				C92B7E08195F935A00C36277 /* main.m */,
				C92B7E0A195F935A00C36277 /* Unload-Prefix.pch */,
			);
			name = "Supporting Files";
			sourceTree = "<group>";
		};
		C92B7E21195F935A00C36277 /* UnloadTests */ = {
			isa = PBXGroup;
			children = (
				C92B7E27195F935A00C36277 /* UnloadTests.m */,
				C92B7E22195F935A00C36277 /* Supporting Files */,
			);
			path = UnloadTests;
			sourceTree = "<group>";
		};
		C92B7E22195F935A00C36277 /* Supporting Files */ = {
			isa = PBXGroup;
			children = (
				C92B7E23195F935A00C36277 /* UnloadTests-Info.plist */,
				C92B7E24195F935A00C36277 /* InfoPlist.strings */,
			);
			name = "Supporting Files";
			sourceTree = "<group>";
		};
/* End PBXGroup section */

/* Begin PBXNativeTarget section */
		C92B7DF8195F935A00C36277 /* Unload */ = {
			isa = PBXNativeTarget;
			buildConfigurationList = C92B7E2B195F935A00C36277 /* Build configuration list for PBXNativeTarget "Unload" */;
			buildPhases = (
				C92B7DF5195F935A00C36277 /* Sources */,
				C92B7DF6195F935A00C36277 /* Frameworks */,
				C92B7DF7195F935A00C36277 /* Resources */,
			);
			buildRules = (
			);
			dependencies = (
			);
			name = Unload;
			productName = Unload;
			productReference = C92B7DF9195F935A00C36277 /* Unload.app */;
			productType = "com.apple.product-type.application";
		};
		C92B7E19195F935A00C36277 /* UnloadTests */ = {
			isa = PBXNativeTarget;
			buildConfigurationList = C92B7E2E195F935A00C36277 /* Build configuration list for PBXNativeTarget "UnloadTests" */;
			buildPhases = (
				C92B7E16195F935A00C36277 /* Sources */,
				C92B7E17195F935A00C36277 /* Frameworks */,
				C92B7E18195F935A00C36277 /* Resources */,
			);
			buildRules = (
			);
			dependencies = (
				C92B7E20195F935A00C36277 /* PBXTargetDependency */,
			);
			name = UnloadTests;
			productName = UnloadTests;
			productReference = C92B7E1A195F935A00C36277 /* UnloadTests.xctest */;
			productType = "com.apple.product-type.bundle.unit-test";
		};
/* End PBXNativeTarget section */

/* Begin PBXProject section */
		C92B7DF1195F935A00C36277 /* Project object */ = {
			isa = PBXProject;
			attributes = {
				LastUpgradeCheck = 0510;
				ORGANIZATIONNAME = "Matthew Kohrs";
				TargetAttributes = {
					C92B7E19195F935A00C36277 = {
						TestTargetID = C92B7DF8195F935A00C36277;
					};
				};
			};
			buildConfigurationList = C92B7DF4195F935A00C36277 /* Build configuration list for PBXProject "unload" */;
			compatibilityVersion = "Xcode 3.2";
			developmentRegion = English;
			hasScannedForEncodings = 0;
			knownRegions = (
				en,
				Base,
			);
			mainGroup = C92B7DF0195F935A00C36277;
			productRefGroup = C92B7DFA195F935A00C36277 /* Products */;
			projectDirPath = "";
			projectRoot = "";
			targets = (
				C92B7DF8195F935A00C36277 /* Unload */,
				C92B7E19195F935A00C36277 /* UnloadTests */,
			);
		};
/* End PBXProject section */

/* Begin PBXResourcesBuildPhase section */
		C92B7DF7195F935A00C36277 /* Resources */ = {
			isa = PBXResourcesBuildPhase;
			buildActionMask = 2147483647;
			files = (
				C9F2DB34195F961300CDF27A /* Screen Shot 2014-06-28 at 5.09.24 PM.png in Resources */,
				C92B7E15195F935A00C36277 /* Images.xcassets in Resources */,
				C92B7E07195F935A00C36277 /* InfoPlist.strings in Resources */,
				C92B7E10195F935A00C36277 /* Main.storyboard in Resources */,
			);
			runOnlyForDeploymentPostprocessing = 0;
		};
		C92B7E18195F935A00C36277 /* Resources */ = {
			isa = PBXResourcesBuildPhase;
			buildActionMask = 2147483647;
			files = (
				C92B7E26195F935A00C36277 /* InfoPlist.strings in Resources */,
			);
			runOnlyForDeploymentPostprocessing = 0;
		};
/* End PBXResourcesBuildPhase section */

/* Begin PBXSourcesBuildPhase section */
		C92B7DF5195F935A00C36277 /* Sources */ = {
			isa = PBXSourcesBuildPhase;
			buildActionMask = 2147483647;
			files = (
				C92B7E13195F935A00C36277 /* ViewController.m in Sources */,
				C9F2DB37195F9DCD00CDF27A /* ViewController2.m in Sources */,
				C92B7E0D195F935A00C36277 /* AppDelegate.m in Sources */,
				C92B7E09195F935A00C36277 /* main.m in Sources */,
			);
			runOnlyForDeploymentPostprocessing = 0;
		};
		C92B7E16195F935A00C36277 /* Sources */ = {
			isa = PBXSourcesBuildPhase;
			buildActionMask = 2147483647;
			files = (
				C92B7E28195F935A00C36277 /* UnloadTests.m in Sources */,
			);
			runOnlyForDeploymentPostprocessing = 0;
		};
/* End PBXSourcesBuildPhase section */

/* Begin PBXTargetDependency section */
		C92B7E20195F935A00C36277 /* PBXTargetDependency */ = {
			isa = PBXTargetDependency;
			target = C92B7DF8195F935A00C36277 /* Unload */;
			targetProxy = C92B7E1F195F935A00C36277 /* PBXContainerItemProxy */;
		};
/* End PBXTargetDependency section */

/* Begin PBXVariantGroup section */
		C92B7E05195F935A00C36277 /* InfoPlist.strings */ = {
			isa = PBXVariantGroup;
			children = (
				C92B7E06195F935A00C36277 /* en */,
			);
			name = InfoPlist.strings;
			sourceTree = "<group>";
		};
		C92B7E0E195F935A00C36277 /* Main.storyboard */ = {
			isa = PBXVariantGroup;
			children = (
				C92B7E0F195F935A00C36277 /* Base */,
			);
			name = Main.storyboard;
			sourceTree = "<group>";
		};
		C92B7E24195F935A00C36277 /* InfoPlist.strings */ = {
			isa = PBXVariantGroup;
			children = (
				C92B7E25195F935A00C36277 /* en */,
			);
			name = InfoPlist.strings;
			path = unload;
			sourceTree = "<group>";
		};
/* End PBXVariantGroup section */

/* Begin XCBuildConfiguration section */
		C92B7E29195F935A00C36277 /* Debug */ = {
			isa = XCBuildConfiguration;
			buildSettings = {
				ALWAYS_SEARCH_USER_PATHS = NO;
				CLANG_CXX_LANGUAGE_STANDARD = "gnu++0x";
				CLANG_CXX_LIBRARY = "libc++";
				CLANG_ENABLE_MODULES = YES;
				CLANG_ENABLE_OBJC_ARC = YES;
				CLANG_WARN_BOOL_CONVERSION = YES;
				CLANG_WARN_CONSTANT_CONVERSION = YES;
				CLANG_WARN_DIRECT_OBJC_ISA_USAGE = YES_ERROR;
				CLANG_WARN_EMPTY_BODY = YES;
				CLANG_WARN_ENUM_CONVERSION = YES;
				CLANG_WARN_INT_CONVERSION = YES;
				CLANG_WARN_OBJC_ROOT_CLASS = YES_ERROR;
				CLANG_WARN__DUPLICATE_METHOD_MATCH = YES;
				"CODE_SIGN_IDENTITY[sdk=iphoneos*]" = "iPhone Developer";
				COPY_PHASE_STRIP = NO;
				GCC_C_LANGUAGE_STANDARD = gnu99;
				GCC_DYNAMIC_NO_PIC = NO;
				GCC_OPTIMIZATION_LEVEL = 0;
				GCC_PREPROCESSOR_DEFINITIONS = (
					"DEBUG=1",
					"$(inherited)",
				);
				GCC_SYMBOLS_PRIVATE_EXTERN = NO;
				GCC_WARN_64_TO_32_BIT_CONVERSION = YES;
				GCC_WARN_ABOUT_RETURN_TYPE = YES_ERROR;
				GCC_WARN_UNDECLARED_SELECTOR = YES;
				GCC_WARN_UNINITIALIZED_AUTOS = YES_AGGRESSIVE;
				GCC_WARN_UNUSED_FUNCTION = YES;
				GCC_WARN_UNUSED_VARIABLE = YES;
				IPHONEOS_DEPLOYMENT_TARGET = 7.1;
				ONLY_ACTIVE_ARCH = YES;
				SDKROOT = iphoneos;
			};
			name = Debug;
		};
		C92B7E2A195F935A00C36277 /* Release */ = {
			isa = XCBuildConfiguration;
			buildSettings = {
				ALWAYS_SEARCH_USER_PATHS = NO;
				CLANG_CXX_LANGUAGE_STANDARD = "gnu++0x";
				CLANG_CXX_LIBRARY = "libc++";
				CLANG_ENABLE_MODULES = YES;
				CLANG_ENABLE_OBJC_ARC = YES;
				CLANG_WARN_BOOL_CONVERSION = YES;
				CLANG_WARN_CONSTANT_CONVERSION = YES;
				CLANG_WARN_DIRECT_OBJC_ISA_USAGE = YES_ERROR;
				CLANG_WARN_EMPTY_BODY = YES;
				CLANG_WARN_ENUM_CONVERSION = YES;
				CLANG_WARN_INT_CONVERSION = YES;
				CLANG_WARN_OBJC_ROOT_CLASS = YES_ERROR;
				CLANG_WARN__DUPLICATE_METHOD_MATCH = YES;
				"CODE_SIGN_IDENTITY[sdk=iphoneos*]" = "iPhone Developer";
				COPY_PHASE_STRIP = YES;
				ENABLE_NS_ASSERTIONS = NO;
				GCC_C_LANGUAGE_STANDARD = gnu99;
				GCC_WARN_64_TO_32_BIT_CONVERSION = YES;
				GCC_WARN_ABOUT_RETURN_TYPE = YES_ERROR;
				GCC_WARN_UNDECLARED_SELECTOR = YES;
				GCC_WARN_UNINITIALIZED_AUTOS = YES_AGGRESSIVE;
				GCC_WARN_UNUSED_FUNCTION = YES;
				GCC_WARN_UNUSED_VARIABLE = YES;
				IPHONEOS_DEPLOYMENT_TARGET = 7.1;
				SDKROOT = iphoneos;
				VALIDATE_PRODUCT = YES;
			};
			name = Release;
		};
		C92B7E2C195F935A00C36277 /* Debug */ = {
			isa = XCBuildConfiguration;
			buildSettings = {
				ASSETCATALOG_COMPILER_APPICON_NAME = AppIcon;
				ASSETCATALOG_COMPILER_LAUNCHIMAGE_NAME = LaunchImage;
				GCC_PRECOMPILE_PREFIX_HEADER = YES;
				GCC_PREFIX_HEADER = "Unload/Unload-Prefix.pch";
				INFOPLIST_FILE = "Unload/Unload-Info.plist";
				PRODUCT_NAME = "$(TARGET_NAME)";
				WRAPPER_EXTENSION = app;
			};
			name = Debug;
		};
		C92B7E2D195F935A00C36277 /* Release */ = {
			isa = XCBuildConfiguration;
			buildSettings = {
				ASSETCATALOG_COMPILER_APPICON_NAME = AppIcon;
				ASSETCATALOG_COMPILER_LAUNCHIMAGE_NAME = LaunchImage;
				GCC_PRECOMPILE_PREFIX_HEADER = YES;
				GCC_PREFIX_HEADER = "Unload/Unload-Prefix.pch";
				INFOPLIST_FILE = "Unload/Unload-Info.plist";
				PRODUCT_NAME = "$(TARGET_NAME)";
				WRAPPER_EXTENSION = app;
			};
			name = Release;
		};
		C92B7E2F195F935A00C36277 /* Debug */ = {
			isa = XCBuildConfiguration;
			buildSettings = {
				BUNDLE_LOADER = "$(BUILT_PRODUCTS_DIR)/Unload.app/Unload";
				FRAMEWORK_SEARCH_PATHS = (
					"$(SDKROOT)/Developer/Library/Frameworks",
					"$(inherited)",
					"$(DEVELOPER_FRAMEWORKS_DIR)",
				);
				GCC_PRECOMPILE_PREFIX_HEADER = YES;
				GCC_PREFIX_HEADER = "Unload/Unload-Prefix.pch";
				GCC_PREPROCESSOR_DEFINITIONS = (
					"DEBUG=1",
					"$(inherited)",
				);
				INFOPLIST_FILE = "UnloadTests/UnloadTests-Info.plist";
				PRODUCT_NAME = "$(TARGET_NAME)";
				TEST_HOST = "$(BUNDLE_LOADER)";
				WRAPPER_EXTENSION = xctest;
			};
			name = Debug;
		};
		C92B7E30195F935A00C36277 /* Release */ = {
			isa = XCBuildConfiguration;
			buildSettings = {
				BUNDLE_LOADER = "$(BUILT_PRODUCTS_DIR)/Unload.app/Unload";
				FRAMEWORK_SEARCH_PATHS = (
					"$(SDKROOT)/Developer/Library/Frameworks",
					"$(inherited)",
					"$(DEVELOPER_FRAMEWORKS_DIR)",
				);
				GCC_PRECOMPILE_PREFIX_HEADER = YES;
				GCC_PREFIX_HEADER = "Unload/Unload-Prefix.pch";
				INFOPLIST_FILE = "UnloadTests/UnloadTests-Info.plist";
				PRODUCT_NAME = "$(TARGET_NAME)";
				TEST_HOST = "$(BUNDLE_LOADER)";
				WRAPPER_EXTENSION = xctest;
			};
			name = Release;
		};
/* End XCBuildConfiguration section */

/* Begin XCConfigurationList section */
		C92B7DF4195F935A00C36277 /* Build configuration list for PBXProject "unload" */ = {
			isa = XCConfigurationList;
			buildConfigurations = (
				C92B7E29195F935A00C36277 /* Debug */,
				C92B7E2A195F935A00C36277 /* Release */,
			);
			defaultConfigurationIsVisible = 0;
			defaultConfigurationName = Release;
		};
		C92B7E2B195F935A00C36277 /* Build configuration list for PBXNativeTarget "Unload" */ = {
			isa = XCConfigurationList;
			buildConfigurations = (
				C92B7E2C195F935A00C36277 /* Debug */,
				C92B7E2D195F935A00C36277 /* Release */,
			);
			defaultConfigurationIsVisible = 0;
			defaultConfigurationName = Release;
		};
		C92B7E2E195F935A00C36277 /* Build configuration list for PBXNativeTarget "UnloadTests" */ = {
			isa = XCConfigurationList;
			buildConfigurations = (
				C92B7E2F195F935A00C36277 /* Debug */,
				C92B7E30195F935A00C36277 /* Release */,
			);
			defaultConfigurationIsVisible = 0;
			defaultConfigurationName = Release;
		};
/* End XCConfigurationList section */
	};
	rootObject = C92B7DF1195F935A00C36277 /* Project object */;
}
